
Microsoft Visual Studio Solution File, Format Version 12.00
# Visual Studio 15
VisualStudioVersion = 15.0.27428.2005
MinimumVisualStudioVersion = 10.0.40219.1
Project("{FAE04EC0-301F-11D3-BF4B-00C04F79EFBC}") = "Cshp230_JJohnson_FinalProject", "Cshp230_JJohnson_FinalProject\Cshp230_JJohnson_FinalProject.csproj", "{81EC59A9-E1FD-4571-8070-DC93F99282D3}"
EndProject
Global
	GlobalSection(SolutionConfigurationPlatforms) = preSolution
		Debug|Any CPU = Debug|Any CPU
		Release|Any CPU = Release|Any CPU
	EndGlobalSection
	GlobalSection(ProjectConfigurationPlatforms) = postSolution
		{81EC59A9-E1FD-4571-8070-DC93F99282D3}.Debug|Any CPU.ActiveCfg = Debug|Any CPU
		{81EC59A9-E1FD-4571-8070-DC93F99282D3}.Debug|Any CPU.Build.0 = Debug|Any CPU
		{81EC59A9-E1FD-4571-8070-DC93F99282D3}.Release|Any CPU.ActiveCfg = Release|Any CPU
		{81EC59A9-E1FD-4571-8070-DC93F99282D3}.Release|Any CPU.Build.0 = Release|Any CPU
	EndGlobalSection
	GlobalSection(SolutionProperties) = preSolution
		HideSolutionNode = FALSE
	EndGlobalSection
	GlobalSection(ExtensibilityGlobals) = postSolution
		SolutionGuid = {88331333-9D21-481C-A51D-4245610C8D24}
	EndGlobalSection
EndGlobal
